
Microsoft Visual Studio Solution File, Format Version 12.00
# Visual Studio Version 16
VisualStudioVersion = 16.0.31019.35
MinimumVisualStudioVersion = 10.0.40219.1
Project("{9A19103F-16F7-4668-BE54-9A1E7A4F7556}") = "EnvironmentControlinator", "EnvironmentControlinator\EnvironmentControlinator.csproj", "{06D031BD-A0F4-42D4-9556-3B67C68DA78C}"
EndProject
Project("{2150E333-8FDC-42A3-9474-1A3956D46DE8}") = "Infra", "Infra", "{2C8FAE67-392F-4829-9D91-A45BA2D9A0C6}"
EndProject
Project("{FAE04EC0-301F-11D3-BF4B-00C04F79EFBC}") = "VoiceInfra", "VoiceInfra\VoiceInfra.csproj", "{868A2435-FDE5-4EDB-9E56-43CF848BCD25}"
EndProject
Global
	GlobalSection(SolutionConfigurationPlatforms) = preSolution
		Debug|Any CPU = Debug|Any CPU
		Release|Any CPU = Release|Any CPU
	EndGlobalSection
	GlobalSection(ProjectConfigurationPlatforms) = postSolution
		{06D031BD-A0F4-42D4-9556-3B67C68DA78C}.Debug|Any CPU.ActiveCfg = Debug|Any CPU
		{06D031BD-A0F4-42D4-9556-3B67C68DA78C}.Debug|Any CPU.Build.0 = Debug|Any CPU
		{06D031BD-A0F4-42D4-9556-3B67C68DA78C}.Release|Any CPU.ActiveCfg = Release|Any CPU
		{06D031BD-A0F4-42D4-9556-3B67C68DA78C}.Release|Any CPU.Build.0 = Release|Any CPU
		{868A2435-FDE5-4EDB-9E56-43CF848BCD25}.Debug|Any CPU.ActiveCfg = Debug|Any CPU
		{868A2435-FDE5-4EDB-9E56-43CF848BCD25}.Debug|Any CPU.Build.0 = Debug|Any CPU
		{868A2435-FDE5-4EDB-9E56-43CF848BCD25}.Release|Any CPU.ActiveCfg = Release|Any CPU
		{868A2435-FDE5-4EDB-9E56-43CF848BCD25}.Release|Any CPU.Build.0 = Release|Any CPU
	EndGlobalSection
	GlobalSection(SolutionProperties) = preSolution
		HideSolutionNode = FALSE
	EndGlobalSection
	GlobalSection(NestedProjects) = preSolution
		{868A2435-FDE5-4EDB-9E56-43CF848BCD25} = {2C8FAE67-392F-4829-9D91-A45BA2D9A0C6}
	EndGlobalSection
	GlobalSection(ExtensibilityGlobals) = postSolution
		SolutionGuid = {31380DE9-D250-47B2-A87B-248A9DD9EE28}
	EndGlobalSection
EndGlobal
